// !$*UTF8*$!
{
	archiveVersion = 1;
	classes = {
	};
	objectVersion = 56;
	objects = {

/* Begin PBXBuildFile section */
		14AE24022BCFACB8003A487E /* AppDelegate.swift in Sources */ = {isa = PBXBuildFile; fileRef = 14AE24012BCFACB8003A487E /* AppDelegate.swift */; };
		14AE24042BCFACB8003A487E /* SceneDelegate.swift in Sources */ = {isa = PBXBuildFile; fileRef = 14AE24032BCFACB8003A487E /* SceneDelegate.swift */; };
		14AE24062BCFACB8003A487E /* ViewController.swift in Sources */ = {isa = PBXBuildFile; fileRef = 14AE24052BCFACB8003A487E /* ViewController.swift */; };
		14AE24092BCFACB8003A487E /* Base in Resources */ = {isa = PBXBuildFile; fileRef = 14AE24082BCFACB8003A487E /* Base */; };
		14AE240B2BCFACB9003A487E /* Assets.xcassets in Resources */ = {isa = PBXBuildFile; fileRef = 14AE240A2BCFACB9003A487E /* Assets.xcassets */; };
		14AE240E2BCFACB9003A487E /* Base in Resources */ = {isa = PBXBuildFile; fileRef = 14AE240D2BCFACB9003A487E /* Base */; };
		14AE24192BCFACB9003A487E /* LightTheCandleTests.swift in Sources */ = {isa = PBXBuildFile; fileRef = 14AE24182BCFACB9003A487E /* LightTheCandleTests.swift */; };
		14AE24232BCFACB9003A487E /* LightTheCandleUITests.swift in Sources */ = {isa = PBXBuildFile; fileRef = 14AE24222BCFACB9003A487E /* LightTheCandleUITests.swift */; };
		14AE24252BCFACB9003A487E /* LightTheCandleUITestsLaunchTests.swift in Sources */ = {isa = PBXBuildFile; fileRef = 14AE24242BCFACB9003A487E /* LightTheCandleUITestsLaunchTests.swift */; };
/* End PBXBuildFile section */

/* Begin PBXContainerItemProxy section */
		14AE24152BCFACB9003A487E /* PBXContainerItemProxy */ = {
			isa = PBXContainerItemProxy;
			containerPortal = 14AE23F62BCFACB8003A487E /* Project object */;
			proxyType = 1;
			remoteGlobalIDString = 14AE23FD2BCFACB8003A487E;
			remoteInfo = LightTheCandle;
		};
		14AE241F2BCFACB9003A487E /* PBXContainerItemProxy */ = {
			isa = PBXContainerItemProxy;
			containerPortal = 14AE23F62BCFACB8003A487E /* Project object */;
			proxyType = 1;
			remoteGlobalIDString = 14AE23FD2BCFACB8003A487E;
			remoteInfo = LightTheCandle;
		};
/* End PBXContainerItemProxy section */

/* Begin PBXFileReference section */
		14AE23FE2BCFACB8003A487E /* LightTheCandle.app */ = {isa = PBXFileReference; explicitFileType = wrapper.application; includeInIndex = 0; path = LightTheCandle.app; sourceTree = BUILT_PRODUCTS_DIR; };
		14AE24012BCFACB8003A487E /* AppDelegate.swift */ = {isa = PBXFileReference; lastKnownFileType = sourcecode.swift; path = AppDelegate.swift; sourceTree = "<group>"; };
		14AE24032BCFACB8003A487E /* SceneDelegate.swift */ = {isa = PBXFileReference; lastKnownFileType = sourcecode.swift; path = SceneDelegate.swift; sourceTree = "<group>"; };
		14AE24052BCFACB8003A487E /* ViewController.swift */ = {isa = PBXFileReference; lastKnownFileType = sourcecode.swift; path = ViewController.swift; sourceTree = "<group>"; };
		14AE24082BCFACB8003A487E /* Base */ = {isa = PBXFileReference; lastKnownFileType = file.storyboard; name = Base; path = Base.lproj/Main.storyboard; sourceTree = "<group>"; };
		14AE240A2BCFACB9003A487E /* Assets.xcassets */ = {isa = PBXFileReference; lastKnownFileType = folder.assetcatalog; path = Assets.xcassets; sourceTree = "<group>"; };
		14AE240D2BCFACB9003A487E /* Base */ = {isa = PBXFileReference; lastKnownFileType = file.storyboard; name = Base; path = Base.lproj/LaunchScreen.storyboard; sourceTree = "<group>"; };
		14AE240F2BCFACB9003A487E /* Info.plist */ = {isa = PBXFileReference; lastKnownFileType = text.plist.xml; path = Info.plist; sourceTree = "<group>"; };
		14AE24142BCFACB9003A487E /* LightTheCandleTests.xctest */ = {isa = PBXFileReference; explicitFileType = wrapper.cfbundle; includeInIndex = 0; path = LightTheCandleTests.xctest; sourceTree = BUILT_PRODUCTS_DIR; };
		14AE24182BCFACB9003A487E /* LightTheCandleTests.swift */ = {isa = PBXFileReference; lastKnownFileType = sourcecode.swift; path = LightTheCandleTests.swift; sourceTree = "<group>"; };
		14AE241E2BCFACB9003A487E /* LightTheCandleUITests.xctest */ = {isa = PBXFileReference; explicitFileType = wrapper.cfbundle; includeInIndex = 0; path = LightTheCandleUITests.xctest; sourceTree = BUILT_PRODUCTS_DIR; };
		14AE24222BCFACB9003A487E /* LightTheCandleUITests.swift */ = {isa = PBXFileReference; lastKnownFileType = sourcecode.swift; path = LightTheCandleUITests.swift; sourceTree = "<group>"; };
		14AE24242BCFACB9003A487E /* LightTheCandleUITestsLaunchTests.swift */ = {isa = PBXFileReference; lastKnownFileType = sourcecode.swift; path = LightTheCandleUITestsLaunchTests.swift; sourceTree = "<group>"; };
/* End PBXFileReference section */

/* Begin PBXFrameworksBuildPhase section */
		14AE23FB2BCFACB8003A487E /* Frameworks */ = {
			isa = PBXFrameworksBuildPhase;
			buildActionMask = 2147483647;
			files = (
			);
			runOnlyForDeploymentPostprocessing = 0;
		};
		14AE24112BCFACB9003A487E /* Frameworks */ = {
			isa = PBXFrameworksBuildPhase;
			buildActionMask = 2147483647;
			files = (
			);
			runOnlyForDeploymentPostprocessing = 0;
		};
		14AE241B2BCFACB9003A487E /* Frameworks */ = {
			isa = PBXFrameworksBuildPhase;
			buildActionMask = 2147483647;
			files = (
			);
			runOnlyForDeploymentPostprocessing = 0;
		};
/* End PBXFrameworksBuildPhase section */

/* Begin PBXGroup section */
		14AE23F52BCFACB8003A487E = {
			isa = PBXGroup;
			children = (
				14AE24002BCFACB8003A487E /* LightTheCandle */,
				14AE24172BCFACB9003A487E /* LightTheCandleTests */,
				14AE24212BCFACB9003A487E /* LightTheCandleUITests */,
				14AE23FF2BCFACB8003A487E /* Products */,
			);
			sourceTree = "<group>";
		};
		14AE23FF2BCFACB8003A487E /* Products */ = {
			isa = PBXGroup;
			children = (
				14AE23FE2BCFACB8003A487E /* LightTheCandle.app */,
				14AE24142BCFACB9003A487E /* LightTheCandleTests.xctest */,
				14AE241E2BCFACB9003A487E /* LightTheCandleUITests.xctest */,
			);
			name = Products;
			sourceTree = "<group>";
		};
		14AE24002BCFACB8003A487E /* LightTheCandle */ = {
			isa = PBXGroup;
			children = (
				14AE24012BCFACB8003A487E /* AppDelegate.swift */,
				14AE24032BCFACB8003A487E /* SceneDelegate.swift */,
				14AE24052BCFACB8003A487E /* ViewController.swift */,
				14AE24072BCFACB8003A487E /* Main.storyboard */,
				14AE240A2BCFACB9003A487E /* Assets.xcassets */,
				14AE240C2BCFACB9003A487E /* LaunchScreen.storyboard */,
				14AE240F2BCFACB9003A487E /* Info.plist */,
			);
			path = LightTheCandle;
			sourceTree = "<group>";
		};
		14AE24172BCFACB9003A487E /* LightTheCandleTests */ = {
			isa = PBXGroup;
			children = (
				14AE24182BCFACB9003A487E /* LightTheCandleTests.swift */,
			);
			path = LightTheCandleTests;
			sourceTree = "<group>";
		};
		14AE24212BCFACB9003A487E /* LightTheCandleUITests */ = {
			isa = PBXGroup;
			children = (
				14AE24222BCFACB9003A487E /* LightTheCandleUITests.swift */,
				14AE24242BCFACB9003A487E /* LightTheCandleUITestsLaunchTests.swift */,
			);
			path = LightTheCandleUITests;
			sourceTree = "<group>";
		};
/* End PBXGroup section */

/* Begin PBXNativeTarget section */
		14AE23FD2BCFACB8003A487E /* LightTheCandle */ = {
			isa = PBXNativeTarget;
			buildConfigurationList = 14AE24282BCFACB9003A487E /* Build configuration list for PBXNativeTarget "LightTheCandle" */;
			buildPhases = (
				14AE23FA2BCFACB8003A487E /* Sources */,
				14AE23FB2BCFACB8003A487E /* Frameworks */,
				14AE23FC2BCFACB8003A487E /* Resources */,
			);
			buildRules = (
			);
			dependencies = (
			);
			name = LightTheCandle;
			productName = LightTheCandle;
			productReference = 14AE23FE2BCFACB8003A487E /* LightTheCandle.app */;
			productType = "com.apple.product-type.application";
		};
		14AE24132BCFACB9003A487E /* LightTheCandleTests */ = {
			isa = PBXNativeTarget;
			buildConfigurationList = 14AE242B2BCFACB9003A487E /* Build configuration list for PBXNativeTarget "LightTheCandleTests" */;
			buildPhases = (
				14AE24102BCFACB9003A487E /* Sources */,
				14AE24112BCFACB9003A487E /* Frameworks */,
				14AE24122BCFACB9003A487E /* Resources */,
			);
			buildRules = (
			);
			dependencies = (
				14AE24162BCFACB9003A487E /* PBXTargetDependency */,
			);
			name = LightTheCandleTests;
			productName = LightTheCandleTests;
			productReference = 14AE24142BCFACB9003A487E /* LightTheCandleTests.xctest */;
			productType = "com.apple.product-type.bundle.unit-test";
		};
		14AE241D2BCFACB9003A487E /* LightTheCandleUITests */ = {
			isa = PBXNativeTarget;
			buildConfigurationList = 14AE242E2BCFACB9003A487E /* Build configuration list for PBXNativeTarget "LightTheCandleUITests" */;
			buildPhases = (
				14AE241A2BCFACB9003A487E /* Sources */,
				14AE241B2BCFACB9003A487E /* Frameworks */,
				14AE241C2BCFACB9003A487E /* Resources */,
			);
			buildRules = (
			);
			dependencies = (
				14AE24202BCFACB9003A487E /* PBXTargetDependency */,
			);
			name = LightTheCandleUITests;
			productName = LightTheCandleUITests;
			productReference = 14AE241E2BCFACB9003A487E /* LightTheCandleUITests.xctest */;
			productType = "com.apple.product-type.bundle.ui-testing";
		};
/* End PBXNativeTarget section */

/* Begin PBXProject section */
		14AE23F62BCFACB8003A487E /* Project object */ = {
			isa = PBXProject;
			attributes = {
				BuildIndependentTargetsInParallel = 1;
				LastSwiftUpdateCheck = 1530;
				LastUpgradeCheck = 1530;
				TargetAttributes = {
					14AE23FD2BCFACB8003A487E = {
						CreatedOnToolsVersion = 15.3;
					};
					14AE24132BCFACB9003A487E = {
						CreatedOnToolsVersion = 15.3;
						TestTargetID = 14AE23FD2BCFACB8003A487E;
					};
					14AE241D2BCFACB9003A487E = {
						CreatedOnToolsVersion = 15.3;
						TestTargetID = 14AE23FD2BCFACB8003A487E;
					};
				};
			};
			buildConfigurationList = 14AE23F92BCFACB8003A487E /* Build configuration list for PBXProject "LightTheCandle" */;
			compatibilityVersion = "Xcode 14.0";
			developmentRegion = en;
			hasScannedForEncodings = 0;
			knownRegions = (
				en,
				Base,
			);
			mainGroup = 14AE23F52BCFACB8003A487E;
			productRefGroup = 14AE23FF2BCFACB8003A487E /* Products */;
			projectDirPath = "";
			projectRoot = "";
			targets = (
				14AE23FD2BCFACB8003A487E /* LightTheCandle */,
				14AE24132BCFACB9003A487E /* LightTheCandleTests */,
				14AE241D2BCFACB9003A487E /* LightTheCandleUITests */,
			);
		};
/* End PBXProject section */

/* Begin PBXResourcesBuildPhase section */
		14AE23FC2BCFACB8003A487E /* Resources */ = {
			isa = PBXResourcesBuildPhase;
			buildActionMask = 2147483647;
			files = (
				14AE240B2BCFACB9003A487E /* Assets.xcassets in Resources */,
				14AE240E2BCFACB9003A487E /* Base in Resources */,
				14AE24092BCFACB8003A487E /* Base in Resources */,
			);
			runOnlyForDeploymentPostprocessing = 0;
		};
		14AE24122BCFACB9003A487E /* Resources */ = {
			isa = PBXResourcesBuildPhase;
			buildActionMask = 2147483647;
			files = (
			);
			runOnlyForDeploymentPostprocessing = 0;
		};
		14AE241C2BCFACB9003A487E /* Resources */ = {
			isa = PBXResourcesBuildPhase;
			buildActionMask = 2147483647;
			files = (
			);
			runOnlyForDeploymentPostprocessing = 0;
		};
/* End PBXResourcesBuildPhase section */

/* Begin PBXSourcesBuildPhase section */
		14AE23FA2BCFACB8003A487E /* Sources */ = {
			isa = PBXSourcesBuildPhase;
			buildActionMask = 2147483647;
			files = (
				14AE24062BCFACB8003A487E /* ViewController.swift in Sources */,
				14AE24022BCFACB8003A487E /* AppDelegate.swift in Sources */,
				14AE24042BCFACB8003A487E /* SceneDelegate.swift in Sources */,
			);
			runOnlyForDeploymentPostprocessing = 0;
		};
		14AE24102BCFACB9003A487E /* Sources */ = {
			isa = PBXSourcesBuildPhase;
			buildActionMask = 2147483647;
			files = (
				14AE24192BCFACB9003A487E /* LightTheCandleTests.swift in Sources */,
			);
			runOnlyForDeploymentPostprocessing = 0;
		};
		14AE241A2BCFACB9003A487E /* Sources */ = {
			isa = PBXSourcesBuildPhase;
			buildActionMask = 2147483647;
			files = (
				14AE24252BCFACB9003A487E /* LightTheCandleUITestsLaunchTests.swift in Sources */,
				14AE24232BCFACB9003A487E /* LightTheCandleUITests.swift in Sources */,
			);
			runOnlyForDeploymentPostprocessing = 0;
		};
/* End PBXSourcesBuildPhase section */

/* Begin PBXTargetDependency section */
		14AE24162BCFACB9003A487E /* PBXTargetDependency */ = {
			isa = PBXTargetDependency;
			target = 14AE23FD2BCFACB8003A487E /* LightTheCandle */;
			targetProxy = 14AE24152BCFACB9003A487E /* PBXContainerItemProxy */;
		};
		14AE24202BCFACB9003A487E /* PBXTargetDependency */ = {
			isa = PBXTargetDependency;
			target = 14AE23FD2BCFACB8003A487E /* LightTheCandle */;
			targetProxy = 14AE241F2BCFACB9003A487E /* PBXContainerItemProxy */;
		};
/* End PBXTargetDependency section */

/* Begin PBXVariantGroup section */
		14AE24072BCFACB8003A487E /* Main.storyboard */ = {
			isa = PBXVariantGroup;
			children = (
				14AE24082BCFACB8003A487E /* Base */,
			);
			name = Main.storyboard;
			sourceTree = "<group>";
		};
		14AE240C2BCFACB9003A487E /* LaunchScreen.storyboard */ = {
			isa = PBXVariantGroup;
			children = (
				14AE240D2BCFACB9003A487E /* Base */,
			);
			name = LaunchScreen.storyboard;
			sourceTree = "<group>";
		};
/* End PBXVariantGroup section */

/* Begin XCBuildConfiguration section */
		14AE24262BCFACB9003A487E /* Debug */ = {
			isa = XCBuildConfiguration;
			buildSettings = {
				ALWAYS_SEARCH_USER_PATHS = NO;
				ASSETCATALOG_COMPILER_GENERATE_SWIFT_ASSET_SYMBOL_EXTENSIONS = YES;
				CLANG_ANALYZER_NONNULL = YES;
				CLANG_ANALYZER_NUMBER_OBJECT_CONVERSION = YES_AGGRESSIVE;
				CLANG_CXX_LANGUAGE_STANDARD = "gnu++20";
				CLANG_ENABLE_MODULES = YES;
				CLANG_ENABLE_OBJC_ARC = YES;
				CLANG_ENABLE_OBJC_WEAK = YES;
				CLANG_WARN_BLOCK_CAPTURE_AUTORELEASING = YES;
				CLANG_WARN_BOOL_CONVERSION = YES;
				CLANG_WARN_COMMA = YES;
				CLANG_WARN_CONSTANT_CONVERSION = YES;
				CLANG_WARN_DEPRECATED_OBJC_IMPLEMENTATIONS = YES;
				CLANG_WARN_DIRECT_OBJC_ISA_USAGE = YES_ERROR;
				CLANG_WARN_DOCUMENTATION_COMMENTS = YES;
				CLANG_WARN_EMPTY_BODY = YES;
				CLANG_WARN_ENUM_CONVERSION = YES;
				CLANG_WARN_INFINITE_RECURSION = YES;
				CLANG_WARN_INT_CONVERSION = YES;
				CLANG_WARN_NON_LITERAL_NULL_CONVERSION = YES;
				CLANG_WARN_OBJC_IMPLICIT_RETAIN_SELF = YES;
				CLANG_WARN_OBJC_LITERAL_CONVERSION = YES;
				CLANG_WARN_OBJC_ROOT_CLASS = YES_ERROR;
				CLANG_WARN_QUOTED_INCLUDE_IN_FRAMEWORK_HEADER = YES;
				CLANG_WARN_RANGE_LOOP_ANALYSIS = YES;
				CLANG_WARN_STRICT_PROTOTYPES = YES;
				CLANG_WARN_SUSPICIOUS_MOVE = YES;
				CLANG_WARN_UNGUARDED_AVAILABILITY = YES_AGGRESSIVE;
				CLANG_WARN_UNREACHABLE_CODE = YES;
				CLANG_WARN__DUPLICATE_METHOD_MATCH = YES;
				COPY_PHASE_STRIP = NO;
				DEBUG_INFORMATION_FORMAT = dwarf;
				ENABLE_STRICT_OBJC_MSGSEND = YES;
				ENABLE_TESTABILITY = YES;
				ENABLE_USER_SCRIPT_SANDBOXING = YES;
				GCC_C_LANGUAGE_STANDARD = gnu17;
				GCC_DYNAMIC_NO_PIC = NO;
				GCC_NO_COMMON_BLOCKS = YES;
				GCC_OPTIMIZATION_LEVEL = 0;
				GCC_PREPROCESSOR_DEFINITIONS = (
					"DEBUG=1",
					"$(inherited)",
				);
				GCC_WARN_64_TO_32_BIT_CONVERSION = YES;
				GCC_WARN_ABOUT_RETURN_TYPE = YES_ERROR;
				GCC_WARN_UNDECLARED_SELECTOR = YES;
				GCC_WARN_UNINITIALIZED_AUTOS = YES_AGGRESSIVE;
				GCC_WARN_UNUSED_FUNCTION = YES;
				GCC_WARN_UNUSED_VARIABLE = YES;
				IPHONEOS_DEPLOYMENT_TARGET = 17.4;
				LOCALIZATION_PREFERS_STRING_CATALOGS = YES;
				MTL_ENABLE_DEBUG_INFO = INCLUDE_SOURCE;
				MTL_FAST_MATH = YES;
				ONLY_ACTIVE_ARCH = YES;
				SDKROOT = iphoneos;
				SWIFT_ACTIVE_COMPILATION_CONDITIONS = "DEBUG $(inherited)";
				SWIFT_OPTIMIZATION_LEVEL = "-Onone";
			};
			name = Debug;
		};
		14AE24272BCFACB9003A487E /* Release */ = {
			isa = XCBuildConfiguration;
			buildSettings = {
				ALWAYS_SEARCH_USER_PATHS = NO;
				ASSETCATALOG_COMPILER_GENERATE_SWIFT_ASSET_SYMBOL_EXTENSIONS = YES;
				CLANG_ANALYZER_NONNULL = YES;
				CLANG_ANALYZER_NUMBER_OBJECT_CONVERSION = YES_AGGRESSIVE;
				CLANG_CXX_LANGUAGE_STANDARD = "gnu++20";
				CLANG_ENABLE_MODULES = YES;
				CLANG_ENABLE_OBJC_ARC = YES;
				CLANG_ENABLE_OBJC_WEAK = YES;
				CLANG_WARN_BLOCK_CAPTURE_AUTORELEASING = YES;
				CLANG_WARN_BOOL_CONVERSION = YES;
				CLANG_WARN_COMMA = YES;
				CLANG_WARN_CONSTANT_CONVERSION = YES;
				CLANG_WARN_DEPRECATED_OBJC_IMPLEMENTATIONS = YES;
				CLANG_WARN_DIRECT_OBJC_ISA_USAGE = YES_ERROR;
				CLANG_WARN_DOCUMENTATION_COMMENTS = YES;
				CLANG_WARN_EMPTY_BODY = YES;
				CLANG_WARN_ENUM_CONVERSION = YES;
				CLANG_WARN_INFINITE_RECURSION = YES;
				CLANG_WARN_INT_CONVERSION = YES;
				CLANG_WARN_NON_LITERAL_NULL_CONVERSION = YES;
				CLANG_WARN_OBJC_IMPLICIT_RETAIN_SELF = YES;
				CLANG_WARN_OBJC_LITERAL_CONVERSION = YES;
				CLANG_WARN_OBJC_ROOT_CLASS = YES_ERROR;
				CLANG_WARN_QUOTED_INCLUDE_IN_FRAMEWORK_HEADER = YES;
				CLANG_WARN_RANGE_LOOP_ANALYSIS = YES;
				CLANG_WARN_STRICT_PROTOTYPES = YES;
				CLANG_WARN_SUSPICIOUS_MOVE = YES;
				CLANG_WARN_UNGUARDED_AVAILABILITY = YES_AGGRESSIVE;
				CLANG_WARN_UNREACHABLE_CODE = YES;
				CLANG_WARN__DUPLICATE_METHOD_MATCH = YES;
				COPY_PHASE_STRIP = NO;
				DEBUG_INFORMATION_FORMAT = "dwarf-with-dsym";
				ENABLE_NS_ASSERTIONS = NO;
				ENABLE_STRICT_OBJC_MSGSEND = YES;
				ENABLE_USER_SCRIPT_SANDBOXING = YES;
				GCC_C_LANGUAGE_STANDARD = gnu17;
				GCC_NO_COMMON_BLOCKS = YES;
				GCC_WARN_64_TO_32_BIT_CONVERSION = YES;
				GCC_WARN_ABOUT_RETURN_TYPE = YES_ERROR;
				GCC_WARN_UNDECLARED_SELECTOR = YES;
				GCC_WARN_UNINITIALIZED_AUTOS = YES_AGGRESSIVE;
				GCC_WARN_UNUSED_FUNCTION = YES;
				GCC_WARN_UNUSED_VARIABLE = YES;
				IPHONEOS_DEPLOYMENT_TARGET = 17.4;
				LOCALIZATION_PREFERS_STRING_CATALOGS = YES;
				MTL_ENABLE_DEBUG_INFO = NO;
				MTL_FAST_MATH = YES;
				SDKROOT = iphoneos;
				SWIFT_COMPILATION_MODE = wholemodule;
				VALIDATE_PRODUCT = YES;
			};
			name = Release;
		};
		14AE24292BCFACB9003A487E /* Debug */ = {
			isa = XCBuildConfiguration;
			buildSettings = {
				ASSETCATALOG_COMPILER_APPICON_NAME = AppIcon;
				ASSETCATALOG_COMPILER_GLOBAL_ACCENT_COLOR_NAME = AccentColor;
				CODE_SIGN_STYLE = Automatic;
				CURRENT_PROJECT_VERSION = 1;
				GENERATE_INFOPLIST_FILE = YES;
				INFOPLIST_FILE = LightTheCandle/Info.plist;
				INFOPLIST_KEY_UIApplicationSupportsIndirectInputEvents = YES;
				INFOPLIST_KEY_UILaunchStoryboardName = LaunchScreen;
				INFOPLIST_KEY_UIMainStoryboardFile = Main;
				INFOPLIST_KEY_UISupportedInterfaceOrientations_iPad = "UIInterfaceOrientationPortrait UIInterfaceOrientationPortraitUpsideDown UIInterfaceOrientationLandscapeLeft UIInterfaceOrientationLandscapeRight";
				INFOPLIST_KEY_UISupportedInterfaceOrientations_iPhone = "UIInterfaceOrientationPortrait UIInterfaceOrientationLandscapeLeft UIInterfaceOrientationLandscapeRight";
				LD_RUNPATH_SEARCH_PATHS = (
					"$(inherited)",
					"@executable_path/Frameworks",
				);
				MARKETING_VERSION = 1.0;
				PRODUCT_BUNDLE_IDENTIFIER = com.declan.LightTheCandle;
				PRODUCT_NAME = "$(TARGET_NAME)";
				SWIFT_EMIT_LOC_STRINGS = YES;
				SWIFT_VERSION = 5.0;
				TARGETED_DEVICE_FAMILY = "1,2";
			};
			name = Debug;
		};
		14AE242A2BCFACB9003A487E /* Release */ = {
			isa = XCBuildConfiguration;
			buildSettings = {
				ASSETCATALOG_COMPILER_APPICON_NAME = AppIcon;
				ASSETCATALOG_COMPILER_GLOBAL_ACCENT_COLOR_NAME = AccentColor;
				CODE_SIGN_STYLE = Automatic;
				CURRENT_PROJECT_VERSION = 1;
				GENERATE_INFOPLIST_FILE = YES;
				INFOPLIST_FILE = LightTheCandle/Info.plist;
				INFOPLIST_KEY_UIApplicationSupportsIndirectInputEvents = YES;
				INFOPLIST_KEY_UILaunchStoryboardName = LaunchScreen;
				INFOPLIST_KEY_UIMainStoryboardFile = Main;
				INFOPLIST_KEY_UISupportedInterfaceOrientations_iPad = "UIInterfaceOrientationPortrait UIInterfaceOrientationPortraitUpsideDown UIInterfaceOrientationLandscapeLeft UIInterfaceOrientationLandscapeRight";
				INFOPLIST_KEY_UISupportedInterfaceOrientations_iPhone = "UIInterfaceOrientationPortrait UIInterfaceOrientationLandscapeLeft UIInterfaceOrientationLandscapeRight";
				LD_RUNPATH_SEARCH_PATHS = (
					"$(inherited)",
					"@executable_path/Frameworks",
				);
				MARKETING_VERSION = 1.0;
				PRODUCT_BUNDLE_IDENTIFIER = com.declan.LightTheCandle;
				PRODUCT_NAME = "$(TARGET_NAME)";
				SWIFT_EMIT_LOC_STRINGS = YES;
				SWIFT_VERSION = 5.0;
				TARGETED_DEVICE_FAMILY = "1,2";
			};
			name = Release;
		};
		14AE242C2BCFACB9003A487E /* Debug */ = {
			isa = XCBuildConfiguration;
			buildSettings = {
				ALWAYS_EMBED_SWIFT_STANDARD_LIBRARIES = YES;
				BUNDLE_LOADER = "$(TEST_HOST)";
				CODE_SIGN_STYLE = Automatic;
				CURRENT_PROJECT_VERSION = 1;
				GENERATE_INFOPLIST_FILE = YES;
				IPHONEOS_DEPLOYMENT_TARGET = 17.4;
				MARKETING_VERSION = 1.0;
				PRODUCT_BUNDLE_IDENTIFIER = com.declan.LightTheCandleTests;
				PRODUCT_NAME = "$(TARGET_NAME)";
				SWIFT_EMIT_LOC_STRINGS = NO;
				SWIFT_VERSION = 5.0;
				TARGETED_DEVICE_FAMILY = "1,2";
				TEST_HOST = "$(BUILT_PRODUCTS_DIR)/LightTheCandle.app/$(BUNDLE_EXECUTABLE_FOLDER_PATH)/LightTheCandle";
			};
			name = Debug;
		};
		14AE242D2BCFACB9003A487E /* Release */ = {
			isa = XCBuildConfiguration;
			buildSettings = {
				ALWAYS_EMBED_SWIFT_STANDARD_LIBRARIES = YES;
				BUNDLE_LOADER = "$(TEST_HOST)";
				CODE_SIGN_STYLE = Automatic;
				CURRENT_PROJECT_VERSION = 1;
				GENERATE_INFOPLIST_FILE = YES;
				IPHONEOS_DEPLOYMENT_TARGET = 17.4;
				MARKETING_VERSION = 1.0;
				PRODUCT_BUNDLE_IDENTIFIER = com.declan.LightTheCandleTests;
				PRODUCT_NAME = "$(TARGET_NAME)";
				SWIFT_EMIT_LOC_STRINGS = NO;
				SWIFT_VERSION = 5.0;
				TARGETED_DEVICE_FAMILY = "1,2";
				TEST_HOST = "$(BUILT_PRODUCTS_DIR)/LightTheCandle.app/$(BUNDLE_EXECUTABLE_FOLDER_PATH)/LightTheCandle";
			};
			name = Release;
		};
		14AE242F2BCFACB9003A487E /* Debug */ = {
			isa = XCBuildConfiguration;
			buildSettings = {
				ALWAYS_EMBED_SWIFT_STANDARD_LIBRARIES = YES;
				CODE_SIGN_STYLE = Automatic;
				CURRENT_PROJECT_VERSION = 1;
				GENERATE_INFOPLIST_FILE = YES;
				MARKETING_VERSION = 1.0;
				PRODUCT_BUNDLE_IDENTIFIER = com.declan.LightTheCandleUITests;
				PRODUCT_NAME = "$(TARGET_NAME)";
				SWIFT_EMIT_LOC_STRINGS = NO;
				SWIFT_VERSION = 5.0;
				TARGETED_DEVICE_FAMILY = "1,2";
				TEST_TARGET_NAME = LightTheCandle;
			};
			name = Debug;
		};
		14AE24302BCFACB9003A487E /* Release */ = {
			isa = XCBuildConfiguration;
			buildSettings = {
				ALWAYS_EMBED_SWIFT_STANDARD_LIBRARIES = YES;
				CODE_SIGN_STYLE = Automatic;
				CURRENT_PROJECT_VERSION = 1;
				GENERATE_INFOPLIST_FILE = YES;
				MARKETING_VERSION = 1.0;
				PRODUCT_BUNDLE_IDENTIFIER = com.declan.LightTheCandleUITests;
				PRODUCT_NAME = "$(TARGET_NAME)";
				SWIFT_EMIT_LOC_STRINGS = NO;
				SWIFT_VERSION = 5.0;
				TARGETED_DEVICE_FAMILY = "1,2";
				TEST_TARGET_NAME = LightTheCandle;
			};
			name = Release;
		};
/* End XCBuildConfiguration section */

/* Begin XCConfigurationList section */
		14AE23F92BCFACB8003A487E /* Build configuration list for PBXProject "LightTheCandle" */ = {
			isa = XCConfigurationList;
			buildConfigurations = (
				14AE24262BCFACB9003A487E /* Debug */,
				14AE24272BCFACB9003A487E /* Release */,
			);
			defaultConfigurationIsVisible = 0;
			defaultConfigurationName = Release;
		};
		14AE24282BCFACB9003A487E /* Build configuration list for PBXNativeTarget "LightTheCandle" */ = {
			isa = XCConfigurationList;
			buildConfigurations = (
				14AE24292BCFACB9003A487E /* Debug */,
				14AE242A2BCFACB9003A487E /* Release */,
			);
			defaultConfigurationIsVisible = 0;
			defaultConfigurationName = Release;
		};
		14AE242B2BCFACB9003A487E /* Build configuration list for PBXNativeTarget "LightTheCandleTests" */ = {
			isa = XCConfigurationList;
			buildConfigurations = (
				14AE242C2BCFACB9003A487E /* Debug */,
				14AE242D2BCFACB9003A487E /* Release */,
			);
			defaultConfigurationIsVisible = 0;
			defaultConfigurationName = Release;
		};
		14AE242E2BCFACB9003A487E /* Build configuration list for PBXNativeTarget "LightTheCandleUITests" */ = {
			isa = XCConfigurationList;
			buildConfigurations = (
				14AE242F2BCFACB9003A487E /* Debug */,
				14AE24302BCFACB9003A487E /* Release */,
			);
			defaultConfigurationIsVisible = 0;
			defaultConfigurationName = Release;
		};
/* End XCConfigurationList section */
	};
	rootObject = 14AE23F62BCFACB8003A487E /* Project object */;
}
